schema: '2.0'
stages:
  mcmc_full_posteriores:
    cmd: OMP_NUM_THREADS=1 nice -n 19 .venv/bin/python3 
      src/mcmc_full/leer_mcmc_full.py
    deps:
    - path: /mnt/datos/SSEE_data/mcmc/mcmc_full/c1/ssee_full.1.txt
      hash: md5
      md5: bccf2493113bb3f5886af1503a61c6fb
      size: 7631371
    - path: /mnt/datos/SSEE_data/mcmc/mcmc_full/c2/ssee_full.1.txt
      hash: md5
      md5: 894ff39a42555637350bf67d5c59cfa9
      size: 6657211
    - path: /mnt/datos/SSEE_data/mcmc/mcmc_full/c3/ssee_full.1.txt
      hash: md5
      md5: 625929be505707b969ae24094df7570e
      size: 7956091
    - path: /mnt/datos/SSEE_data/mcmc/mcmc_full/c4/ssee_full.1.txt
      hash: md5
      md5: e7d8b7fb03956b974b46042372d25873
      size: 11979011
    - path: src/mcmc_full/leer_mcmc_full.py
      hash: md5
      md5: a68c669f4482f6b98d439d674664f18c
      size: 2907
    - path: src/procedencia.py
      hash: md5
      md5: af9be770989b8f2296c90fdc71efc121
      size: 5420
    outs:
    - path: results/logs/mcmc_full_posteriores.json
      hash: md5
      md5: 8777eb437d8c03f416836daae03ce082
      size: 2546
  s8_desde_b1:
    cmd: OMP_NUM_THREADS=1 nice -n 19 .venv/bin/python3 
      src/p06_growth/s8_desde_b1.py
    deps:
    - path: CANONICAL_VALUES.yaml
      hash: md5
      md5: 089f4ad6d744382735d763231f3630aa
      size: 68400
    - path: results/chains/lcdm_cmb.1.txt
      hash: md5
      md5: 881ecb1f5d40784f62c8798473d1affe
      size: 94529491
    - path: results/chains/ssee_cmb.1.txt
      hash: md5
      md5: 155b55672adc4aaa597437c0875a4706
      size: 49485923
    - path: results/logs/b1_analyse.log
      hash: md5
      md5: ecd8af59b981448982e3ecda9178b2e9
      size: 2627
    - path: src/p06_growth/s8_desde_b1.py
      hash: md5
      md5: 52ad5d30bb24b430f4262cb7a03a2989
      size: 3144
    - path: src/procedencia.py
      hash: md5
      md5: af9be770989b8f2296c90fdc71efc121
      size: 5420
    - path: src/ssee_core.py
      hash: md5
      md5: d6ef8a580870ee72a5de7ca4b2a18632
      size: 17307
    outs:
    - path: results/logs/s8_desde_b1.json
      hash: md5
      md5: 7e40f5ebc0aab8a91ebf0e83ef5ebf43
      size: 1930
  valores_tex:
    cmd: .venv/bin/python3 src/valores_tex.py
    deps:
    - path: manuscript/valores.yaml
      hash: md5
      md5: 17af6784ad4f4e2a0f00f68eae5508d1
      size: 3188
    - path: results/logs/kids_publicados.json
      hash: md5
      md5: fafae20f92ccc2a645ae8f202596438f
      size: 2372
    - path: results/logs/p10_uv_fscreen.json
      hash: md5
      md5: 5623ac27b395376ad895c0455ef668af
      size: 1356
    - path: results/logs/s8_desde_b1.json
      hash: md5
      md5: 7e40f5ebc0aab8a91ebf0e83ef5ebf43
      size: 1930
    - path: src/valores_tex.py
      hash: md5
      md5: 1f5c766594c7c7ab5887dbc8f6b01e8d
      size: 2922
    outs:
    - path: manuscript/valores_generados.tex
      hash: md5
      md5: 134b8f62cd62e068bcaa609edcf5753f
      size: 4642
  p5_IS_perturbations:
    cmd: OMP_NUM_THREADS=1 MPLBACKEND=Agg nice -n 10 .venv/bin/python3 
      src/p05_IS/ssee_paper5_IS_perturbations.py > 
      results/logs/p5_IS_perturbations.log 2>&1
    deps:
    - path: src/p05_IS/ssee_paper5_IS_perturbations.py
      hash: md5
      md5: 2788a6cf22640091e63f272f88fcf48b
      size: 43135
    - path: src/procedencia.py
      hash: md5
      md5: af9be770989b8f2296c90fdc71efc121
      size: 5420
    - path: src/ssee_core.py
      hash: md5
      md5: d6ef8a580870ee72a5de7ca4b2a18632
      size: 17307
    outs:
    - path: results/logs/p5_IS_perturbations.log
      hash: md5
      md5: bc6c10476aba9067717042ef6595166d
      size: 10837
    - path: results/logs/p5_IS_perturbations_Q2.json
      hash: md5
      md5: 04ea226c08eb23272e18c01e57d76f64
      size: 2150
    - path: results/logs/p5_IS_perturbations_Q3.json
      hash: md5
      md5: df92ec6e230ade2f4725a63eda0a11ad
      size: 1240
  kids_publicados:
    cmd: OMP_NUM_THREADS=1 nice -n 10 .venv/bin/python3 
      src/p06_growth/kids_publicados.py
    deps:
    - path: 
        /mnt/datos/SSEE_data/kids1000/KiDS1000_cosmis_shear_data_release/chains_and_config_files/main_chains_iterative_covariance/xipm/chain/maxpost_multinest_start_C.txt
      hash: md5
      md5: 38506b7d67a77c4188f3f44971f463ac
      size: 374768
    - path: 
        /mnt/datos/SSEE_data/kids_legacy/KiDS_Legacy_cosmic_shear_data_release/chains_and_config_files/xipm/output_nautilus_xipm_Fiducial.txt
      hash: md5
      md5: 14e13ea2c7f3286a0bf220cabdef1373
      size: 105084314
    - path: results/logs/growth_2026-07/R3_ssee_kids_S8.json
      hash: md5
      md5: 9211a986b6e29d54fb1605acdf2a8f57
      size: 2353
    - path: results/logs/growth_2026-07/R4_lcdm_kids_S8.json
      hash: md5
      md5: 249e3a18057d6e59c4666da2f3ee2f20
      size: 1001
    - path: src/p06_growth/kids_publicados.py
      hash: md5
      md5: 3630a2d61c984dc77a145a4bfd74ba17
      size: 6104
    - path: src/procedencia.py
      hash: md5
      md5: af9be770989b8f2296c90fdc71efc121
      size: 5420
    outs:
    - path: results/logs/kids_publicados.json
      hash: md5
      md5: fafae20f92ccc2a645ae8f202596438f
      size: 2372
  p10_uv_fscreen:
    cmd: OMP_NUM_THREADS=1 nice -n 10 .venv/bin/python3 
      src/p10_uv/ssee_paper10_verification.py > /dev/null
    deps:
    - path: src/p10_uv/ssee_paper10_verification.py
      hash: md5
      md5: 44c0d46f874ab7fc172667c19b7b9d7b
      size: 16275
    - path: src/procedencia.py
      hash: md5
      md5: af9be770989b8f2296c90fdc71efc121
      size: 5420
    - path: src/ssee_core.py
      hash: md5
      md5: d6ef8a580870ee72a5de7ca4b2a18632
      size: 17307
    outs:
    - path: results/logs/p10_uv_fscreen.json
      hash: md5
      md5: 5623ac27b395376ad895c0455ef668af
      size: 1356
