schema: '2.0'
stages:
  mcmc_full_posteriores:
    cmd: OMP_NUM_THREADS=1 nice -n 19 .venv/bin/python3 
      src/mcmc_full/leer_mcmc_full.py
    deps:
    - path: /mnt/datos/SSEE_data/mcmc/mcmc_full/c1/ssee_full.1.txt
      hash: md5
      md5: bccf2493113bb3f5886af1503a61c6fb
      size: 7631371
    - path: /mnt/datos/SSEE_data/mcmc/mcmc_full/c2/ssee_full.1.txt
      hash: md5
      md5: 894ff39a42555637350bf67d5c59cfa9
      size: 6657211
    - path: /mnt/datos/SSEE_data/mcmc/mcmc_full/c3/ssee_full.1.txt
      hash: md5
      md5: 625929be505707b969ae24094df7570e
      size: 7956091
    - path: /mnt/datos/SSEE_data/mcmc/mcmc_full/c4/ssee_full.1.txt
      hash: md5
      md5: e7d8b7fb03956b974b46042372d25873
      size: 11979011
    - path: src/mcmc_full/leer_mcmc_full.py
      hash: md5
      md5: a68c669f4482f6b98d439d674664f18c
      size: 2907
    - path: src/procedencia.py
      hash: md5
      md5: af9be770989b8f2296c90fdc71efc121
      size: 5420
    outs:
    - path: results/logs/mcmc_full_posteriores.json
      hash: md5
      md5: 8777eb437d8c03f416836daae03ce082
      size: 2546
  s8_desde_b1:
    cmd: OMP_NUM_THREADS=1 nice -n 19 .venv/bin/python3 
      src/p06_growth/s8_desde_b1.py
    deps:
    - path: CANONICAL_VALUES.yaml
      hash: md5
      md5: 089f4ad6d744382735d763231f3630aa
      size: 68400
    - path: results/chains/lcdm_cmb.1.txt
      hash: md5
      md5: 881ecb1f5d40784f62c8798473d1affe
      size: 94529491
    - path: results/chains/ssee_cmb.1.txt
      hash: md5
      md5: 155b55672adc4aaa597437c0875a4706
      size: 49485923
    - path: results/logs/b1_analyse.log
      hash: md5
      md5: ecd8af59b981448982e3ecda9178b2e9
      size: 2627
    - path: src/p06_growth/s8_desde_b1.py
      hash: md5
      md5: 52ad5d30bb24b430f4262cb7a03a2989
      size: 3144
    - path: src/procedencia.py
      hash: md5
      md5: af9be770989b8f2296c90fdc71efc121
      size: 5420
    - path: src/ssee_core.py
      hash: md5
      md5: d6ef8a580870ee72a5de7ca4b2a18632
      size: 17307
    outs:
    - path: results/logs/s8_desde_b1.json
      hash: md5
      md5: 7e40f5ebc0aab8a91ebf0e83ef5ebf43
      size: 1930
  valores_tex:
    cmd: .venv/bin/python3 src/valores_tex.py
    deps:
    - path: manuscript/valores.yaml
      hash: md5
      md5: 70063060cbd1ffeaed9fe21739bbdbdf
      size: 41604
    - path: results/logs/algebra_derivada.json
      hash: md5
      md5: b2dbbef397d0f75c88064d60261115fd
      size: 9817
    - path: results/logs/class_picos.json
      hash: md5
      md5: 833cd321d2fcc6111c6ad9f9052af990
      size: 1875
    - path: results/logs/cumulos_7.json
      hash: md5
      md5: be2a1998e045c84c3e6443e95c4f8de7
      size: 4826
    - path: results/logs/dic_from_chains.json
      hash: md5
      md5: bb166f311eb519a319a73349317170b6
      size: 1457
    - path: results/logs/edad_universo.json
      hash: md5
      md5: 8d287577eefaeaf4f778ba3e1a8769ad
      size: 1187
    - path: results/logs/fondos_exponenciales.json
      hash: md5
      md5: a4053d74e048d68182e8c17674680d4f
      size: 2416
    - path: results/logs/hiclass_campo.json
      hash: md5
      md5: 31c9fbd99fb8b84d43ef38a32bd4b520
      size: 7815
    - path: results/logs/kids_legacy_bic.json
      hash: md5
      md5: 0481b4f9324f6f413d1aa09ce9a76f37
      size: 3419
    - path: results/logs/kids_publicados.json
      hash: md5
      md5: fafae20f92ccc2a645ae8f202596438f
      size: 2372
    - path: results/logs/lya_auditoria.json
      hash: md5
      md5: 42f5b0b71a5f1103e96fa91269602d5c
      size: 6064
    - path: results/logs/p10_uv_fscreen.json
      hash: md5
      md5: 5623ac27b395376ad895c0455ef668af
      size: 1356
    - path: results/logs/paper3_cmb_chi2.json
      hash: md5
      md5: 520462e625e6b0b487c9039c531d1811
      size: 2381
    - path: results/logs/press_schechter.json
      hash: md5
      md5: f744d36e34a89466365c2498ced4cbd8
      size: 2073
    - path: results/logs/resumen_3modelos.json
      hash: md5
      md5: 9e12af535aa2f1edc2b39472cc53ce7a
      size: 4055
    - path: results/logs/s8_desde_b1.json
      hash: md5
      md5: 7e40f5ebc0aab8a91ebf0e83ef5ebf43
      size: 1930
    - path: results/logs/savage_cv.json
      hash: md5
      md5: 6bd2c0a9ac675850ee7207ea4ce76c69
      size: 2644
    - path: src/valores_tex.py
      hash: md5
      md5: 1f5c766594c7c7ab5887dbc8f6b01e8d
      size: 2922
    outs:
    - path: manuscript/valores_generados.tex
      hash: md5
      md5: 92bb78f0bfeb86ae599954e3c6fcfede
      size: 53332
  p5_IS_perturbations:
    cmd: OMP_NUM_THREADS=1 MPLBACKEND=Agg nice -n 10 .venv/bin/python3 
      src/p05_IS/ssee_paper5_IS_perturbations.py > 
      results/logs/p5_IS_perturbations.log 2>&1
    deps:
    - path: src/p05_IS/ssee_paper5_IS_perturbations.py
      hash: md5
      md5: 2788a6cf22640091e63f272f88fcf48b
      size: 43135
    - path: src/procedencia.py
      hash: md5
      md5: af9be770989b8f2296c90fdc71efc121
      size: 5420
    - path: src/ssee_core.py
      hash: md5
      md5: d6ef8a580870ee72a5de7ca4b2a18632
      size: 17307
    outs:
    - path: results/logs/p5_IS_perturbations.log
      hash: md5
      md5: bc6c10476aba9067717042ef6595166d
      size: 10837
    - path: results/logs/p5_IS_perturbations_Q2.json
      hash: md5
      md5: 04ea226c08eb23272e18c01e57d76f64
      size: 2150
    - path: results/logs/p5_IS_perturbations_Q3.json
      hash: md5
      md5: df92ec6e230ade2f4725a63eda0a11ad
      size: 1240
  kids_publicados:
    cmd: OMP_NUM_THREADS=1 nice -n 10 .venv/bin/python3 
      src/p06_growth/kids_publicados.py
    deps:
    - path: 
        /mnt/datos/SSEE_data/kids1000/KiDS1000_cosmis_shear_data_release/chains_and_config_files/main_chains_iterative_covariance/xipm/chain/maxpost_multinest_start_C.txt
      hash: md5
      md5: 38506b7d67a77c4188f3f44971f463ac
      size: 374768
    - path: 
        /mnt/datos/SSEE_data/kids_legacy/KiDS_Legacy_cosmic_shear_data_release/chains_and_config_files/xipm/output_nautilus_xipm_Fiducial.txt
      hash: md5
      md5: 14e13ea2c7f3286a0bf220cabdef1373
      size: 105084314
    - path: results/logs/growth_2026-07/R3_ssee_kids_S8.json
      hash: md5
      md5: 9211a986b6e29d54fb1605acdf2a8f57
      size: 2353
    - path: results/logs/growth_2026-07/R4_lcdm_kids_S8.json
      hash: md5
      md5: 249e3a18057d6e59c4666da2f3ee2f20
      size: 1001
    - path: src/p06_growth/kids_publicados.py
      hash: md5
      md5: 3630a2d61c984dc77a145a4bfd74ba17
      size: 6104
    - path: src/procedencia.py
      hash: md5
      md5: af9be770989b8f2296c90fdc71efc121
      size: 5420
    outs:
    - path: results/logs/kids_publicados.json
      hash: md5
      md5: fafae20f92ccc2a645ae8f202596438f
      size: 2372
  p10_uv_fscreen:
    cmd: OMP_NUM_THREADS=1 nice -n 10 .venv/bin/python3 
      src/p10_uv/ssee_paper10_verification.py > /dev/null
    deps:
    - path: src/p10_uv/ssee_paper10_verification.py
      hash: md5
      md5: 44c0d46f874ab7fc172667c19b7b9d7b
      size: 16275
    - path: src/procedencia.py
      hash: md5
      md5: af9be770989b8f2296c90fdc71efc121
      size: 5420
    - path: src/ssee_core.py
      hash: md5
      md5: d6ef8a580870ee72a5de7ca4b2a18632
      size: 17307
    outs:
    - path: results/logs/p10_uv_fscreen.json
      hash: md5
      md5: 5623ac27b395376ad895c0455ef668af
      size: 1356
  prueba_equivalencia_hglob:
    cmd: OMP_NUM_THREADS=1 nice -n 10 .venv/bin/python3 
      src/verificacion/prueba_equivalencia_hglob.py
    deps:
    - path: results/logs/cmb_dbic_tau_ajustado.json
      hash: md5
      md5: 91ac79b931f0637dae3255dd054f59b9
      size: 1937
    - path: src/p02_mcmc/chi2_bao_posterior.py
      hash: md5
      md5: b00675001accb4ac1296749de33ecbca
      size: 4525
    - path: src/p03_cmb/cmb_eval.py
      hash: md5
      md5: 706a9d0e3384cce04dc5fcbf0c2fb522
      size: 4837
    - path: src/p06_growth/cobaya_kids_legacy.py
      hash: md5
      md5: 4fb3a20f68aefac83de472acad81875e
      size: 13453
    - path: src/procedencia.py
      hash: md5
      md5: af9be770989b8f2296c90fdc71efc121
      size: 5420
    - path: src/ssee_core.py
      hash: md5
      md5: d6ef8a580870ee72a5de7ca4b2a18632
      size: 17307
    - path: src/verificacion/prueba_equivalencia_hglob.py
      hash: md5
      md5: 337a097aec8e8d4ea2df0facc38638f5
      size: 3242
    outs:
    - path: results/logs/prueba_equivalencia_hglob.json
      hash: md5
      md5: 987cdc83c3d1193ba4b283be1d4f77b4
      size: 2093
  spt3g_calibrador:
    cmd: OMP_NUM_THREADS=1 nice -n 10 .venv/bin/python3 
      src/p11_sondas/spt3g_calibra.py lee
    deps:
    - path: /mnt/datos/SSEE_data/cmb_lensing/papers/2608.31136/sec8_summary.tex
      hash: md5
      md5: 3f44f27af911b034a72ab7b9c1fe2146
      size: 6606
    - path: 
        /mnt/datos/SSEE_data/cmb_lensing/spt3g/cobaya/SPT3G_D1_KK/base_lens/gmv.yaml
      hash: md5
      md5: c667721e4ad556d5c9f669ac08f8f77f
      size: 486
    - path: /mnt/datos/SSEE_data/cmb_lensing/spt3g_calibrador/spt_lcdm.1.txt
      hash: md5
      md5: f9b215d8f54e829e12ac553125becb20
      size: 3644451
    - path: /mnt/datos/SSEE_data/cmb_lensing/spt3g_calibrador/spt_lcdm.2.txt
      hash: md5
      md5: 650ffdb99d26a4468aebedc69213ff4b
      size: 3584295
    - path: /mnt/datos/SSEE_data/cmb_lensing/spt3g_calibrador/spt_lcdm.3.txt
      hash: md5
      md5: d5392e43ada58094daf358b4aa9b077c
      size: 3636653
    - path: /mnt/datos/SSEE_data/cmb_lensing/spt3g_calibrador/spt_lcdm.4.txt
      hash: md5
      md5: 984e75c0976fb11389a5c894e6359922
      size: 3565357
    - path: /mnt/datos/SSEE_data/cmb_lensing/spt3g_calibrador/spt_lcdm.progress
      hash: md5
      md5: efb362c726504e7d1a93f5530d933999
      size: 2142
    - path: src/p11_sondas/spt3g_calibra.py
      hash: md5
      md5: ef14160c7c153ea32b57c9e1ce6308ff
      size: 4112
    - path: src/procedencia.py
      hash: md5
      md5: af9be770989b8f2296c90fdc71efc121
      size: 5420
    outs:
    - path: results/logs/spt3g_calibrador.json
      hash: md5
      md5: 8a2a918ac4edc054004c55d37bbc9a5b
      size: 2240
  algebra_derivada:
    cmd: .venv/bin/python3 src/algebra_derivada.py
    deps:
    - path: src/algebra_derivada.py
      hash: md5
      md5: 2a71a5855e1d9d5e3f95895db5d0c991
      size: 7986
    - path: src/procedencia.py
      hash: md5
      md5: af9be770989b8f2296c90fdc71efc121
      size: 5420
    - path: src/ssee_core.py
      hash: md5
      md5: d6ef8a580870ee72a5de7ca4b2a18632
      size: 17307
    outs:
    - path: results/logs/algebra_derivada.json
      hash: md5
      md5: b2dbbef397d0f75c88064d60261115fd
      size: 9817
  kids_legacy_bic:
    cmd: OMP_NUM_THREADS=1 nice -n 10 .venv/bin/python3 
      src/p06_growth/kids_legacy_bic.py
    deps:
    - path: /mnt/datos/SSEE_data/chains_p6/kids_legacy/lcdmfijo.1.txt
      hash: md5
      md5: 011324f5efd67614c2bad935facde0e6
      size: 1647428
    - path: /mnt/datos/SSEE_data/chains_p6/kids_legacy/lcdmfijo.2.txt
      hash: md5
      md5: 675e2d4fe67863082b2bec605c5b4028
      size: 1804220
    - path: /mnt/datos/SSEE_data/chains_p6/kids_legacy/lcdmfijo.3.txt
      hash: md5
      md5: cda3bc12d91a9431ff2503fd3a539a46
      size: 1751400
    - path: /mnt/datos/SSEE_data/chains_p6/kids_legacy/lcdmfijo.4.txt
      hash: md5
      md5: 1ec57a34f8b4c6f0ee456a6b8da2c0ee
      size: 1701638
    - path: /mnt/datos/SSEE_data/chains_p6/kids_legacy/ssee.1.txt
      hash: md5
      md5: 6b0fa9bf9cdb47e54fb87b68d9c3ca6f
      size: 986674
    - path: /mnt/datos/SSEE_data/chains_p6/kids_legacy/ssee.2.txt
      hash: md5
      md5: 19f20753e2f8896a314669fb831226fe
      size: 1012430
    - path: /mnt/datos/SSEE_data/chains_p6/kids_legacy/ssee.3.txt
      hash: md5
      md5: e6753d44d554a2142dc109f38354db52
      size: 1002292
    - path: /mnt/datos/SSEE_data/chains_p6/kids_legacy/ssee.4.txt
      hash: md5
      md5: 46d6f69f148734497e32754e9c488184
      size: 1035994
    - path: /mnt/datos/SSEE_data/chains_p6/kids_legacy/sseefijo.1.txt
      hash: md5
      md5: 606983d774a0ce6d0630517423a574fc
      size: 953310
    - path: /mnt/datos/SSEE_data/chains_p6/kids_legacy/sseefijo.2.txt
      hash: md5
      md5: dc698c71b9f18b62a364521443539b7d
      size: 931896
    - path: /mnt/datos/SSEE_data/chains_p6/kids_legacy/sseefijo.3.txt
      hash: md5
      md5: 99ced70cd603ef946ebe56a78b93f259
      size: 930348
    - path: /mnt/datos/SSEE_data/chains_p6/kids_legacy/sseefijo.4.txt
      hash: md5
      md5: 10cee89c7dc3da4d886e5c51da33350f
      size: 929058
    - path: CANONICAL_VALUES.yaml
      hash: md5
      md5: 089f4ad6d744382735d763231f3630aa
      size: 68400
    - path: src/p06_growth/kids_legacy_bic.py
      hash: md5
      md5: 4a8c337fe70ba2f14f8312ed393053f8
      size: 3622
    - path: src/procedencia.py
      hash: md5
      md5: af9be770989b8f2296c90fdc71efc121
      size: 5420
    outs:
    - path: results/logs/kids_legacy_bic.json
      hash: md5
      md5: 0481b4f9324f6f413d1aa09ce9a76f37
      size: 3419
  paper3_cmb:
    cmd: export OMP_NUM_THREADS=1 MPLBACKEND=Agg; (.venv/bin/python3 
      src/verificacion/preflight.py && nice -n 10 .venv/bin/python3 
      src/p03_cmb/ssee_paper3_cmb.py) > results/logs/paper3_cmb_reframe.log 2>&1
    deps:
    - path: data/raw/planck_pr4_EE.txt
      hash: md5
      md5: f81229611d039f90b6eea76a0fe5b713
      size: 135731
    - path: data/raw/planck_pr4_TE.txt
      hash: md5
      md5: d6a684fc7d5ff76ff2125691de5995b9
      size: 135731
    - path: data/raw/planck_pr4_TT.txt
      hash: md5
      md5: 953f333fa17483d3e2143dc82ddfa874
      size: 170547
    - path: data/raw/planck_pr4_lensing.txt
      hash: md5
      md5: f2804b8f2fa134071a94a5e4c7a2fa82
      size: 1083
    - path: src/p03_cmb/ssee_paper3_cmb.py
      hash: md5
      md5: 0955a760b82d6267f518f27c84310fe3
      size: 21211
    - path: src/procedencia.py
      hash: md5
      md5: af9be770989b8f2296c90fdc71efc121
      size: 5420
    - path: src/ssee_core.py
      hash: md5
      md5: d6ef8a580870ee72a5de7ca4b2a18632
      size: 17307
    outs:
    - path: results/logs/paper3_cmb_chi2.json
      hash: md5
      md5: 520462e625e6b0b487c9039c531d1811
      size: 2381
    - path: results/logs/paper3_cmb_reframe.log
      hash: md5
      md5: 3547b2ea7c02f91347e4401b77c72638
      size: 3502
  lya_auditoria:
    cmd: OMP_NUM_THREADS=1 nice -n 10 .venv/bin/python3 
      src/p02_mcmc/lya_auditoria.py
    deps:
    - path: data/raw/desi_dr2_bao.csv
      hash: md5
      md5: 2bff7b22cc0db2c876403fd913c42746
      size: 2650
    - path: results/logs/bao_lcdm_planck.json
      hash: md5
      md5: 2361bbdc5543a591c2d15644665ccbda
      size: 230
    - path: src/bao_camb.py
      hash: md5
      md5: 17e888f2a53c3953da7563d6c7a37e57
      size: 4547
    - path: src/desi_dr2_data.py
      hash: md5
      md5: f99d77b763872407c2b2126980e46e22
      size: 3600
    - path: src/p02_mcmc/lya_auditoria.py
      hash: md5
      md5: a68e644ecce8bed39dfcf115fe040a04
      size: 5623
    - path: src/p11_sondas/lcdm_planck.py
      hash: md5
      md5: b3e772d5526f6ffcb61148e439c50b39
      size: 1243
    - path: src/procedencia.py
      hash: md5
      md5: af9be770989b8f2296c90fdc71efc121
      size: 5420
    - path: src/ssee_core.py
      hash: md5
      md5: d6ef8a580870ee72a5de7ca4b2a18632
      size: 17307
    outs:
    - path: results/logs/lya_auditoria.json
      hash: md5
      md5: 42f5b0b71a5f1103e96fa91269602d5c
      size: 6064
  resumen_3modelos:
    cmd: OMP_NUM_THREADS=1 nice -n 10 .venv/bin/python3 
      src/p02_mcmc/resumen_3modelos.py
    deps:
    - path: 
        /mnt/datos/SSEE_data/mcmc/paper2_3models/mcmc_chains_professional.npz
      hash: md5
      md5: 64ec098f62a1bb188720f86b25bf11f5
      size: 260001506
    - path: results/logs/mcmc_paper2_3models_wmfix.log
      hash: md5
      md5: e286a4af3cb06485b51e4d5c3dea7f44
      size: 11579
    - path: src/desi_dr2_data.py
      hash: md5
      md5: f99d77b763872407c2b2126980e46e22
      size: 3600
    - path: src/p02_mcmc/resumen_3modelos.py
      hash: md5
      md5: 53ba66db45e2453a886728780c49f40f
      size: 4538
    - path: src/procedencia.py
      hash: md5
      md5: af9be770989b8f2296c90fdc71efc121
      size: 5420
    outs:
    - path: results/logs/resumen_3modelos.json
      hash: md5
      md5: 9e12af535aa2f1edc2b39472cc53ce7a
      size: 4055
  savage_cv:
    cmd: OMP_NUM_THREADS=1 nice -n 10 .venv/bin/python3 
      src/estadistica/ssee_phase_d_savage_cv.py > 
      results/logs/phase_d_savage_cv_wmfix.log 2>&1
    deps:
    - path: 
        /mnt/datos/SSEE_data/mcmc/paper2_3models/mcmc_chains_professional.npz
      hash: md5
      md5: 64ec098f62a1bb188720f86b25bf11f5
      size: 260001506
    - path: src/estadistica/ssee_phase_d_savage_cv.py
      hash: md5
      md5: d1c42447db4e99314a8e0cf9a1eb1682
      size: 24945
    - path: src/procedencia.py
      hash: md5
      md5: af9be770989b8f2296c90fdc71efc121
      size: 5420
    - path: src/ssee_core.py
      hash: md5
      md5: d6ef8a580870ee72a5de7ca4b2a18632
      size: 17307
    outs:
    - path: results/logs/phase_d_savage_cv_wmfix.log
      hash: md5
      md5: cce85733f5ea8561e5042f54b612b390
      size: 6520
    - path: results/logs/savage_cv.json
      hash: md5
      md5: 6bd2c0a9ac675850ee7207ea4ce76c69
      size: 2644
  dic_from_chains:
    cmd: .venv/bin/python3 src/estadistica/ssee_dic_from_chains.py
    deps:
    - path: 
        /mnt/datos/SSEE_data/mcmc/paper2_3models/mcmc_chains_professional.npz
      hash: md5
      md5: 64ec098f62a1bb188720f86b25bf11f5
      size: 260001506
    - path: src/estadistica/ssee_dic_from_chains.py
      hash: md5
      md5: f63a4f32de414e295bf2bf3a40f022d8
      size: 3496
    - path: src/procedencia.py
      hash: md5
      md5: af9be770989b8f2296c90fdc71efc121
      size: 5420
    outs:
    - path: results/logs/dic_from_chains.json
      hash: md5
      md5: bb166f311eb519a319a73349317170b6
      size: 1457
    - path: results/logs/dic_from_chains.log
      hash: md5
      md5: 1a028b28e6bec7edf0afb8252daab161
      size: 1241
  hiclass_campo:
    cmd: OMP_NUM_THREADS=1 nice -n 10 .venv/bin/python3 
      src/p07_eft/hiclass_campo.py
    deps:
    - path: /mnt/datos/hi_class/class
      hash: md5
      md5: 277ef94a408c8f421eb2854e05a5b342
      size: 10614896
      isexec: true
    - path: src/p07_eft/hiclass_campo.py
      hash: md5
      md5: 0cc5f8f1aa26ed34635ca4e20a35caf5
      size: 10919
    - path: src/procedencia.py
      hash: md5
      md5: af9be770989b8f2296c90fdc71efc121
      size: 5420
    - path: src/ssee_core.py
      hash: md5
      md5: d6ef8a580870ee72a5de7ca4b2a18632
      size: 17307
    outs:
    - path: results/logs/hiclass_campo.json
      hash: md5
      md5: 3f7b7a1c23c896370627eb23238e272c
      size: 7718
  R3_rehecho:
    cmd: OMP_NUM_THREADS=1 nice -n 10 .venv/bin/python3 
      src/p06_growth/analiza_ssee_R3.py
    deps:
    - path: /mnt/datos/SSEE_data/chains_p6/kids/ssee.1.txt
      hash: md5
      md5: 191988b7f996f2e0dbe6411042eb2f68
      size: 1137687
    - path: /mnt/datos/SSEE_data/chains_p6/kids/ssee.2.txt
      hash: md5
      md5: 5f6f7c6282118c4e1b43c80b0e05a1e5
      size: 1171863
    - path: /mnt/datos/SSEE_data/chains_p6/kids/ssee.3.txt
      hash: md5
      md5: 3b4c279ee579b7fe9f9400e368571cf0
      size: 1153707
    - path: /mnt/datos/SSEE_data/chains_p6/kids/ssee.4.txt
      hash: md5
      md5: a2d11872a162a9ace0cb3a6c91ced64e
      size: 1165455
    - path: results/logs/growth_2026-07/R3_ssee_kids_S8.json
      hash: md5
      md5: 9211a986b6e29d54fb1605acdf2a8f57
      size: 2353
    - path: src/p06_growth/analiza_ssee_R3.py
      hash: md5
      md5: 4c5b8765d831a40aef9e916c8adacfb0
      size: 5752
    - path: src/procedencia.py
      hash: md5
      md5: af9be770989b8f2296c90fdc71efc121
      size: 5420
    outs:
    - path: results/logs/growth_2026-07/R3_ssee_kids_S8_rehecho.json
      hash: md5
      md5: dde3519abf4948db21b7afdd623882ea
      size: 5454
  press_schechter:
    cmd: OMP_NUM_THREADS=1 MPLBACKEND=Agg nice -n 10 .venv/bin/python3 
      src/p02_mcmc/ssee_press_schechter.py > results/logs/press_schechter.log 
      2>&1
    deps:
    - path: CANONICAL_VALUES.yaml
      hash: md5
      md5: d8475742bc2f533c20dbeeb42b98fbd4
      size: 68026
    - path: results/logs/deltac_spherical_collapse.json
      hash: md5
      md5: 92cca1715441a663061db471bdb82e2c
      size: 1142
    - path: results/logs/growth_2026-07/R3_ssee_kids_S8.json
      hash: md5
      md5: 9211a986b6e29d54fb1605acdf2a8f57
      size: 2353
    - path: results/logs/p5_IS_perturbations_Q3.json
      hash: md5
      md5: df92ec6e230ade2f4725a63eda0a11ad
      size: 1240
    - path: src/p02_mcmc/ssee_press_schechter.py
      hash: md5
      md5: 2e4ac740226aa4eae63b6cdb888bcb03
      size: 16491
    - path: src/procedencia.py
      hash: md5
      md5: af9be770989b8f2296c90fdc71efc121
      size: 5420
    - path: src/ssee_core.py
      hash: md5
      md5: d6ef8a580870ee72a5de7ca4b2a18632
      size: 17307
    outs:
    - path: results/logs/press_schechter.json
      hash: md5
      md5: f744d36e34a89466365c2498ced4cbd8
      size: 2073
    - path: results/logs/press_schechter.log
      hash: md5
      md5: d11edd219e5bc9d2035ec5d892333b4a
      size: 2412
  edad_universo:
    cmd: OMP_NUM_THREADS=1 nice -n 10 .venv/bin/python3 
      src/p09_hubble/edad_universo.py
    deps:
    - path: src/p09_hubble/edad_universo.py
      hash: md5
      md5: 58faffa5c382a35cd596e8f5ce736ef1
      size: 3640
    - path: src/p11_sondas/lcdm_planck.py
      hash: md5
      md5: b3e772d5526f6ffcb61148e439c50b39
      size: 1243
    - path: src/procedencia.py
      hash: md5
      md5: af9be770989b8f2296c90fdc71efc121
      size: 5420
    - path: src/ssee_core.py
      hash: md5
      md5: d6ef8a580870ee72a5de7ca4b2a18632
      size: 17307
    outs:
    - path: results/logs/edad_universo.json
      hash: md5
      md5: 8d287577eefaeaf4f778ba3e1a8769ad
      size: 1187
  class_picos:
    cmd: OMP_NUM_THREADS=1 nice -n 10 .venv/bin/python3 
      src/p03_cmb/class_picos.py
    deps:
    - path: CANONICAL_VALUES.yaml
      hash: md5
      md5: d8475742bc2f533c20dbeeb42b98fbd4
      size: 68026
    - path: class_ssee/ssee_v36_nomira.ini
      hash: md5
      md5: 1603f5fb77dbfc3722fd3614daed2fae
      size: 861
    - path: results/logs/paper3_cmb_chi2.json
      hash: md5
      md5: 520462e625e6b0b487c9039c531d1811
      size: 2381
    - path: src/p03_cmb/class_picos.py
      hash: md5
      md5: aed559527ca28397d7909a3ad4adf39c
      size: 6621
    - path: src/p11_sondas/lcdm_planck.py
      hash: md5
      md5: b3e772d5526f6ffcb61148e439c50b39
      size: 1243
    - path: src/procedencia.py
      hash: md5
      md5: af9be770989b8f2296c90fdc71efc121
      size: 5420
    - path: src/ssee_core.py
      hash: md5
      md5: d6ef8a580870ee72a5de7ca4b2a18632
      size: 17307
    outs:
    - path: results/figures/fig_class_tt.pdf
      hash: md5
      md5: addb4ab3ea524621bffc9486a2aed0ea
      size: 24191
    - path: results/logs/class_picos.json
      hash: md5
      md5: 833cd321d2fcc6111c6ad9f9052af990
      size: 1875
  cumulos_7:
    cmd: OMP_NUM_THREADS=1 MPLBACKEND=Agg nice -n 10 .venv/bin/python3 
      src/p02_mcmc/cumulos_7.py > results/logs/cumulos_7.log 2>&1
    deps:
    - path: src/p02_mcmc/cumulos_7.py
      hash: md5
      md5: fc7ac62b7bf0ad26d97b84cd5c6943e1
      size: 5992
    - path: src/p02_mcmc/ssee_paper2_analysis.py
      hash: md5
      md5: 7cd0f327e8f780d4735a85af59c7d3b6
      size: 16148
    - path: src/procedencia.py
      hash: md5
      md5: af9be770989b8f2296c90fdc71efc121
      size: 5420
    - path: src/ssee_core.py
      hash: md5
      md5: d6ef8a580870ee72a5de7ca4b2a18632
      size: 17307
    outs:
    - path: results/logs/cumulos_7.json
      hash: md5
      md5: be2a1998e045c84c3e6443e95c4f8de7
      size: 4826
    - path: results/logs/cumulos_7.log
      hash: md5
      md5: c4bfa830e0e6f65a1e30e1debb26400d
      size: 2073
  fondos_exponenciales:
    cmd: OMP_NUM_THREADS=1 nice -n 10 .venv/bin/python3 
      src/p07_eft/fondos_exponenciales.py > 
      results/logs/fondos_exponenciales.log 2>&1
    deps:
    - path: 
        archive/codigo/investigacion/beta_c_RETIRADO_2026-09-07/fondo_acoplado.py
      hash: md5
      md5: 0e38f1db82e8932f760cc9cc5f7bb67b
      size: 6796
    - path: src/p07_eft/busca_lambda.py
      hash: md5
      md5: 6fab9e00a10d5d139ee16bf5049c2b2e
      size: 4582
    - path: src/p07_eft/fondo_disparo.py
      hash: md5
      md5: 63aeb45c73c14a05fedc634783d10698
      size: 7064
    - path: src/p07_eft/fondos_exponenciales.py
      hash: md5
      md5: c3795a466c7601830fe3043ddc061248
      size: 5891
    - path: src/procedencia.py
      hash: md5
      md5: af9be770989b8f2296c90fdc71efc121
      size: 5420
    - path: src/ssee_core.py
      hash: md5
      md5: d6ef8a580870ee72a5de7ca4b2a18632
      size: 17307
    outs:
    - path: results/logs/fondos_exponenciales.json
      hash: md5
      md5: a4053d74e048d68182e8c17674680d4f
      size: 2416
    - path: results/logs/fondos_exponenciales.log
      hash: md5
      md5: 25689daad318277117e2488ccd79f69d
      size: 1645
  ajuste_conjunto_SSEE:
    cmd: OMP_NUM_THREADS=1 nice -n 10 .venv/bin/python3 
      src/p03_cmb/ajuste_conjunto_wc_ns.py SSEE
    deps:
    - path: results/logs/cmb_ajuste_conjunto_wc_ns.json
      hash: md5
      md5: 0f46e10a33132baef682cc331021fde5
      size: 441
    - path: src/p03_cmb/ajuste_conjunto_wc_ns.py
      hash: md5
      md5: bae14b229abb4b4853818bf504d8629d
      size: 4793
    - path: src/p03_cmb/cmb_eval.py
      hash: md5
      md5: 706a9d0e3384cce04dc5fcbf0c2fb522
      size: 4837
    - path: src/p11_sondas/lcdm_planck.py
      hash: md5
      md5: b3e772d5526f6ffcb61148e439c50b39
      size: 1243
    - path: src/procedencia.py
      hash: md5
      md5: af9be770989b8f2296c90fdc71efc121
      size: 5420
    - path: src/ssee_core.py
      hash: md5
      md5: d6ef8a580870ee72a5de7ca4b2a18632
      size: 17307
    outs:
    - path: results/logs/cmb_ajuste_conjunto_wc_ns_SSEE.json
      hash: md5
      md5: d9131519e13409e7be731b91792ede9d
      size: 1547
  ajuste_conjunto_LCDM:
    cmd: OMP_NUM_THREADS=1 nice -n 10 .venv/bin/python3 
      src/p03_cmb/ajuste_conjunto_wc_ns.py LCDM
    deps:
    - path: results/logs/cmb_ajuste_conjunto_wc_ns.json
      hash: md5
      md5: 0f46e10a33132baef682cc331021fde5
      size: 441
    - path: src/p03_cmb/ajuste_conjunto_wc_ns.py
      hash: md5
      md5: bae14b229abb4b4853818bf504d8629d
      size: 4793
    - path: src/p03_cmb/cmb_eval.py
      hash: md5
      md5: 706a9d0e3384cce04dc5fcbf0c2fb522
      size: 4837
    - path: src/p11_sondas/lcdm_planck.py
      hash: md5
      md5: b3e772d5526f6ffcb61148e439c50b39
      size: 1243
    - path: src/procedencia.py
      hash: md5
      md5: af9be770989b8f2296c90fdc71efc121
      size: 5420
    - path: src/ssee_core.py
      hash: md5
      md5: d6ef8a580870ee72a5de7ca4b2a18632
      size: 17307
    outs:
    - path: results/logs/cmb_ajuste_conjunto_wc_ns_LCDM.json
      hash: md5
      md5: fcdcb860c7b2a0ca5d58baf113a98f07
      size: 1409
