schema: '2.0'
stages:
  mcmc_full_posteriores:
    cmd: OMP_NUM_THREADS=1 nice -n 19 .venv/bin/python3 
      src/mcmc_full/leer_mcmc_full.py
    deps:
    - path: /mnt/datos/SSEE_data/mcmc/mcmc_full/c1/ssee_full.1.txt
      hash: md5
      md5: bccf2493113bb3f5886af1503a61c6fb
      size: 7631371
    - path: /mnt/datos/SSEE_data/mcmc/mcmc_full/c2/ssee_full.1.txt
      hash: md5
      md5: 894ff39a42555637350bf67d5c59cfa9
      size: 6657211
    - path: /mnt/datos/SSEE_data/mcmc/mcmc_full/c3/ssee_full.1.txt
      hash: md5
      md5: 625929be505707b969ae24094df7570e
      size: 7956091
    - path: /mnt/datos/SSEE_data/mcmc/mcmc_full/c4/ssee_full.1.txt
      hash: md5
      md5: e7d8b7fb03956b974b46042372d25873
      size: 11979011
    - path: src/mcmc_full/leer_mcmc_full.py
      hash: md5
      md5: a68c669f4482f6b98d439d674664f18c
      size: 2907
    - path: src/procedencia.py
      hash: md5
      md5: af9be770989b8f2296c90fdc71efc121
      size: 5420
    outs:
    - path: results/logs/mcmc_full_posteriores.json
      hash: md5
      md5: 8777eb437d8c03f416836daae03ce082
      size: 2546
  s8_desde_b1:
    cmd: OMP_NUM_THREADS=1 nice -n 19 .venv/bin/python3 
      src/p06_growth/s8_desde_b1.py
    deps:
    - path: CANONICAL_VALUES.yaml
      hash: md5
      md5: 1ce91e7d5085a8450f7b9ebf5488e2b9
      size: 66439
    - path: results/chains/lcdm_cmb.1.txt
      hash: md5
      md5: 881ecb1f5d40784f62c8798473d1affe
      size: 94529491
    - path: results/chains/ssee_cmb.1.txt
      hash: md5
      md5: 155b55672adc4aaa597437c0875a4706
      size: 49485923
    - path: results/logs/b1_analyse.log
      hash: md5
      md5: ecd8af59b981448982e3ecda9178b2e9
      size: 2627
    - path: src/p06_growth/s8_desde_b1.py
      hash: md5
      md5: 52ad5d30bb24b430f4262cb7a03a2989
      size: 3144
    - path: src/procedencia.py
      hash: md5
      md5: af9be770989b8f2296c90fdc71efc121
      size: 5420
    - path: src/ssee_core.py
      hash: md5
      md5: d6ef8a580870ee72a5de7ca4b2a18632
      size: 17307
    outs:
    - path: results/logs/s8_desde_b1.json
      hash: md5
      md5: 4262777d075779dfd50eab7dab2f0606
      size: 1930
  valores_tex:
    cmd: .venv/bin/python3 src/valores_tex.py
    deps:
    - path: manuscript/valores.yaml
      hash: md5
      md5: 0a80d859a3b742d50e96c12c58e4904b
      size: 1087
    - path: results/logs/s8_desde_b1.json
      hash: md5
      md5: 4262777d075779dfd50eab7dab2f0606
      size: 1930
    - path: src/valores_tex.py
      hash: md5
      md5: 9e705da0983a7021ba7ed30553ec4e26
      size: 2910
    outs:
    - path: manuscript/valores_generados.tex
      hash: md5
      md5: 3685c1e56f829d3aa2287b48f8bfd2a1
      size: 2079
  p5_IS_perturbations:
    cmd: OMP_NUM_THREADS=1 MPLBACKEND=Agg nice -n 10 .venv/bin/python3 
      src/p05_IS/ssee_paper5_IS_perturbations.py > 
      results/logs/p5_IS_perturbations.log 2>&1
    deps:
    - path: src/p05_IS/ssee_paper5_IS_perturbations.py
      hash: md5
      md5: 83b144c406a9fa4353bee8099cd2bebf
      size: 43036
    - path: src/procedencia.py
      hash: md5
      md5: af9be770989b8f2296c90fdc71efc121
      size: 5420
    - path: src/ssee_core.py
      hash: md5
      md5: d6ef8a580870ee72a5de7ca4b2a18632
      size: 17307
    outs:
    - path: results/logs/p5_IS_perturbations.log
      hash: md5
      md5: 34b615086fc2bfd623911a5492c54eef
      size: 10139
    - path: results/logs/p5_IS_perturbations_Q2.json
      hash: md5
      md5: 5df4e57cb36c4617091ac735ecde75e8
      size: 1391
    - path: results/logs/p5_IS_perturbations_Q3.json
      hash: md5
      md5: be2f7b7927cea0663aa69793ddfcbc6f
      size: 1240
